
Microsoft Visual Studio Solution File, Format Version 12.00
# Visual Studio Version 16
VisualStudioVersion = 16.0.29403.142
MinimumVisualStudioVersion = 10.0.40219.1
Project("{9A19103F-16F7-4668-BE54-9A1E7A4F7556}") = "WebsiteStatus", "WebsiteStatus\WebsiteStatus.csproj", "{D7CEC3B2-A140-436A-A1CF-B9D15CA69562}"
EndProject
Project("{2150E333-8FDC-42A3-9474-1A3956D46DE8}") = "Solution Items", "Solution Items", "{D804B841-364B-497C-ABE6-3BD80931EB85}"
	ProjectSection(SolutionItems) = preProject
		.editorconfig = .editorconfig
		.gitattributes = .gitattributes
		.gitignore = .gitignore
	EndProjectSection
EndProject
Global
	GlobalSection(SolutionConfigurationPlatforms) = preSolution
		Debug|Any CPU = Debug|Any CPU
		Release|Any CPU = Release|Any CPU
	EndGlobalSection
	GlobalSection(ProjectConfigurationPlatforms) = postSolution
		{D7CEC3B2-A140-436A-A1CF-B9D15CA69562}.Debug|Any CPU.ActiveCfg = Debug|Any CPU
		{D7CEC3B2-A140-436A-A1CF-B9D15CA69562}.Debug|Any CPU.Build.0 = Debug|Any CPU
		{D7CEC3B2-A140-436A-A1CF-B9D15CA69562}.Release|Any CPU.ActiveCfg = Release|Any CPU
		{D7CEC3B2-A140-436A-A1CF-B9D15CA69562}.Release|Any CPU.Build.0 = Release|Any CPU
	EndGlobalSection
	GlobalSection(SolutionProperties) = preSolution
		HideSolutionNode = FALSE
	EndGlobalSection
	GlobalSection(ExtensibilityGlobals) = postSolution
		SolutionGuid = {A45525B3-F952-4226-BAC1-CD11C4231CDC}
	EndGlobalSection
EndGlobal
